{
  "version": 4,
  "terraform_version": "1.5.7",
  "serial": 1,
  "lineage": "aea5ea30-1ce2-9bfe-6844-46140ddfe2fc",
  "outputs": {},
  "resources": [
    {
      "mode": "managed",
      "type": "local_file",
      "name": "example",
      "provider": "provider[\"registry.terraform.io/hashicorp/local\"]",
      "instances": [
        {
          "schema_version": 0,
          "attributes": {
            "content": "ESTUDOS de TERRAFORM",
            "content_base64": null,
            "content_base64sha256": "IE+3FTEdIN9mwUHl8sg8YKG/tPL7i1cbxgeF1IzFWtU=",
            "content_base64sha512": "kB8AnAWUfHLtEy0O48C4ofCp5dK4dwvX8J9sPJqtVkLA2nHsX5Lx5WvcMunjx8s4WwulEX8Un8yc44LroUSrVw==",
            "content_md5": "4d055a79fdf86e5a8a23be75e563b8ec",
            "content_sha1": "453ced596e32207cf6b6a62de3c68421672b8953",
            "content_sha256": "204fb715311d20df66c141e5f2c83c60a1bfb4f2fb8b571bc60785d48cc55ad5",
            "content_sha512": "901f009c05947c72ed132d0ee3c0b8a1f0a9e5d2b8770bd7f09f6c3c9aad5642c0da71ec5f92f1e56bdc32e9e3c7cb385b0ba5117f149fcc9ce382eba144ab57",
            "directory_permission": "0777",
            "file_permission": "0777",
            "filename": "example.txt",
            "id": "453ced596e32207cf6b6a62de3c68421672b8953",
            "sensitive_content": null,
            "source": null
          },
          "sensitive_attributes": []
        }
      ]
    }
  ],
  "check_results": null
}
