{
  "version": 4,
  "terraform_version": "1.5.7",
  "serial": 4,
  "lineage": "aea5ea30-1ce2-9bfe-6844-46140ddfe2fc",
  "outputs": {
    "id": {
      "value": "ccb9c43c88efca2ecb4ec58bb30ab3605cc6fa18",
      "type": "string"
    }
  },
  "resources": [
    {
      "mode": "managed",
      "type": "local_file",
      "name": "example",
      "provider": "provider[\"registry.terraform.io/hashicorp/local\"]",
      "instances": [
        {
          "schema_version": 0,
          "attributes": {
            "content": "uma hello kitty dessa",
            "content_base64": null,
            "content_base64sha256": "AHNRhKMxaHt6o2IVHQ9UO4ZoTpO9L96G3rafNWPhEyQ=",
            "content_base64sha512": "sYQcZWLcMfZppH63dIEBVQK+xhdl6s5bcAImDJ+zWIeFBb8aiTMG6vitHSnNz2KNy+Q2pCANxP3TXIPQCgHaUg==",
            "content_md5": "306ff93058acbff6d73bd0bf090e8e7a",
            "content_sha1": "ccb9c43c88efca2ecb4ec58bb30ab3605cc6fa18",
            "content_sha256": "00735184a331687b7aa362151d0f543b86684e93bd2fde86deb69f3563e11324",
            "content_sha512": "b1841c6562dc31f669a47eb77481015502bec61765eace5b7002260c9fb358878505bf1a893306eaf8ad1d29cdcf628dcbe436a4200dc4fdd35c83d00a01da52",
            "directory_permission": "0777",
            "file_permission": "0777",
            "filename": "example.txt",
            "id": "ccb9c43c88efca2ecb4ec58bb30ab3605cc6fa18",
            "sensitive_content": null,
            "source": null
          },
          "sensitive_attributes": []
        }
      ]
    }
  ],
  "check_results": null
}
