{
  "version": 4,
  "terraform_version": "1.7.5",
  "serial": 23,
  "lineage": "916f9a12-56f3-397b-1b9b-a6c453bc4971",
  "outputs": {},
  "resources": [
    {
      "mode": "data",
      "type": "aws_ami",
      "name": "amazon-linux-2023",
      "provider": "provider[\"registry.terraform.io/hashicorp/aws\"]",
      "instances": [
        {
          "schema_version": 0,
          "attributes": {
            "architecture": "x86_64",
            "arn": "arn:aws:ec2:sa-east-1::image/ami-0c820c196a818d66a",
            "block_device_mappings": [
              {
                "device_name": "/dev/xvda",
                "ebs": {
                  "delete_on_termination": "true",
                  "encrypted": "false",
                  "iops": "3000",
                  "snapshot_id": "snap-0b88f64a193217068",
                  "throughput": "125",
                  "volume_size": "8",
                  "volume_type": "gp3"
                },
                "no_device": "",
                "virtual_name": ""
              }
            ],
            "boot_mode": "uefi-preferred",
            "creation_date": "2024-11-22T05:23:21.000Z",
            "deprecation_time": "2025-02-20T05:23:00.000Z",
            "description": "Amazon Linux 2023 AMI 2023.6.20241121.0 x86_64 HVM kernel-6.1",
            "ena_support": true,
            "executable_users": null,
            "filter": [
              {
                "name": "architecture",
                "values": [
                  "x86_64"
                ]
              },
              {
                "name": "name",
                "values": [
                  "al2023-ami-2023.*"
                ]
              }
            ],
            "hypervisor": "xen",
            "id": "ami-0c820c196a818d66a",
            "image_id": "ami-0c820c196a818d66a",
            "image_location": "amazon/al2023-ami-2023.6.20241121.0-kernel-6.1-x86_64",
            "image_owner_alias": "amazon",
            "image_type": "machine",
            "imds_support": "v2.0",
            "include_deprecated": false,
            "kernel_id": "",
            "most_recent": true,
            "name": "al2023-ami-2023.6.20241121.0-kernel-6.1-x86_64",
            "name_regex": null,
            "owner_id": "137112412989",
            "owners": [
              "amazon"
            ],
            "platform": "",
            "platform_details": "Linux/UNIX",
            "product_codes": [],
            "public": true,
            "ramdisk_id": "",
            "root_device_name": "/dev/xvda",
            "root_device_type": "ebs",
            "root_snapshot_id": "snap-0b88f64a193217068",
            "sriov_net_support": "simple",
            "state": "available",
            "state_reason": {
              "code": "UNSET",
              "message": "UNSET"
            },
            "tags": {},
            "timeouts": null,
            "tpm_support": "",
            "usage_operation": "RunInstances",
            "virtualization_type": "hvm"
          },
          "sensitive_attributes": []
        }
      ]
    },
    {
      "mode": "data",
      "type": "aws_availability_zones",
      "name": "available",
      "provider": "provider[\"registry.terraform.io/hashicorp/aws\"]",
      "instances": [
        {
          "schema_version": 0,
          "attributes": {
            "all_availability_zones": null,
            "exclude_names": null,
            "exclude_zone_ids": null,
            "filter": null,
            "group_names": [
              "sa-east-1"
            ],
            "id": "sa-east-1",
            "names": [
              "sa-east-1a",
              "sa-east-1b",
              "sa-east-1c"
            ],
            "state": null,
            "timeouts": null,
            "zone_ids": [
              "sae1-az1",
              "sae1-az2",
              "sae1-az3"
            ]
          },
          "sensitive_attributes": []
        }
      ]
    },
    {
      "mode": "managed",
      "type": "aws_instance",
      "name": "agent",
      "provider": "provider[\"registry.terraform.io/hashicorp/aws\"]",
      "instances": [
        {
          "schema_version": 1,
          "attributes": {
            "ami": "ami-0c820c196a818d66a",
            "arn": "arn:aws:ec2:sa-east-1:861276094289:instance/i-002c89f9b62ca16d6",
            "associate_public_ip_address": true,
            "availability_zone": "sa-east-1c",
            "capacity_reservation_specification": [
              {
                "capacity_reservation_preference": "open",
                "capacity_reservation_target": []
              }
            ],
            "cpu_core_count": 1,
            "cpu_options": [
              {
                "amd_sev_snp": "",
                "core_count": 1,
                "threads_per_core": 1
              }
            ],
            "cpu_threads_per_core": 1,
            "credit_specification": [
              {
                "cpu_credits": "standard"
              }
            ],
            "disable_api_stop": false,
            "disable_api_termination": false,
            "ebs_block_device": [],
            "ebs_optimized": false,
            "enclave_options": [
              {
                "enabled": false
              }
            ],
            "ephemeral_block_device": [],
            "get_password_data": false,
            "hibernation": false,
            "host_id": "",
            "host_resource_group_arn": null,
            "iam_instance_profile": "",
            "id": "i-002c89f9b62ca16d6",
            "instance_initiated_shutdown_behavior": "stop",
            "instance_lifecycle": "",
            "instance_market_options": [],
            "instance_state": "running",
            "instance_type": "t2.micro",
            "ipv6_address_count": 0,
            "ipv6_addresses": [],
            "key_name": "terraform",
            "launch_template": [],
            "maintenance_options": [
              {
                "auto_recovery": "default"
              }
            ],
            "metadata_options": [
              {
                "http_endpoint": "enabled",
                "http_protocol_ipv6": "disabled",
                "http_put_response_hop_limit": 2,
                "http_tokens": "required",
                "instance_metadata_tags": "disabled"
              }
            ],
            "monitoring": false,
            "network_interface": [],
            "outpost_arn": "",
            "password_data": "",
            "placement_group": "",
            "placement_partition_number": 0,
            "primary_network_interface_id": "eni-04dcdcc067bc554cc",
            "private_dns": "ip-172-31-45-39.sa-east-1.compute.internal",
            "private_dns_name_options": [
              {
                "enable_resource_name_dns_a_record": false,
                "enable_resource_name_dns_aaaa_record": false,
                "hostname_type": "ip-name"
              }
            ],
            "private_ip": "172.31.45.39",
            "public_dns": "ec2-15-228-156-220.sa-east-1.compute.amazonaws.com",
            "public_ip": "15.228.156.220",
            "root_block_device": [
              {
                "delete_on_termination": true,
                "device_name": "/dev/xvda",
                "encrypted": false,
                "iops": 3000,
                "kms_key_id": "",
                "tags": {},
                "tags_all": {},
                "throughput": 125,
                "volume_id": "vol-0763f54df694f5387",
                "volume_size": 8,
                "volume_type": "gp3"
              }
            ],
            "secondary_private_ips": [],
            "security_groups": [
              "allow_ssh"
            ],
            "source_dest_check": true,
            "spot_instance_request_id": "",
            "subnet_id": "subnet-0eda01b6bc179b683",
            "tags": {
              "Name": ""
            },
            "tags_all": {
              "Name": ""
            },
            "tenancy": "default",
            "timeouts": null,
            "user_data": null,
            "user_data_base64": null,
            "user_data_replace_on_change": false,
            "volume_tags": null,
            "vpc_security_group_ids": [
              "sg-01fc17e631b6cfcc8"
            ]
          },
          "sensitive_attributes": [],
          "private": "eyJlMmJmYjczMC1lY2FhLTExZTYtOGY4OC0zNDM2M2JjN2M0YzAiOnsiY3JlYXRlIjo2MDAwMDAwMDAwMDAsImRlbGV0ZSI6MTIwMDAwMDAwMDAwMCwicmVhZCI6OTAwMDAwMDAwMDAwLCJ1cGRhdGUiOjYwMDAwMDAwMDAwMH0sInNjaGVtYV92ZXJzaW9uIjoiMSJ9",
          "dependencies": [
            "aws_key_pair.terraform",
            "aws_security_group.allow_ssh",
            "data.aws_ami.amazon-linux-2023",
            "tls_private_key.pk"
          ]
        }
      ]
    },
    {
      "mode": "managed",
      "type": "aws_instance",
      "name": "server",
      "provider": "provider[\"registry.terraform.io/hashicorp/aws\"]",
      "instances": [
        {
          "schema_version": 1,
          "attributes": {
            "ami": "ami-0c820c196a818d66a",
            "arn": "arn:aws:ec2:sa-east-1:861276094289:instance/i-08fc2ad65d43b8b4f",
            "associate_public_ip_address": true,
            "availability_zone": "sa-east-1c",
            "capacity_reservation_specification": [
              {
                "capacity_reservation_preference": "open",
                "capacity_reservation_target": []
              }
            ],
            "cpu_core_count": 1,
            "cpu_options": [
              {
                "amd_sev_snp": "",
                "core_count": 1,
                "threads_per_core": 1
              }
            ],
            "cpu_threads_per_core": 1,
            "credit_specification": [
              {
                "cpu_credits": "standard"
              }
            ],
            "disable_api_stop": false,
            "disable_api_termination": false,
            "ebs_block_device": [],
            "ebs_optimized": false,
            "enclave_options": [
              {
                "enabled": false
              }
            ],
            "ephemeral_block_device": [],
            "get_password_data": false,
            "hibernation": false,
            "host_id": "",
            "host_resource_group_arn": null,
            "iam_instance_profile": "",
            "id": "i-08fc2ad65d43b8b4f",
            "instance_initiated_shutdown_behavior": "stop",
            "instance_lifecycle": "",
            "instance_market_options": [],
            "instance_state": "running",
            "instance_type": "t2.micro",
            "ipv6_address_count": 0,
            "ipv6_addresses": [],
            "key_name": "terraform",
            "launch_template": [],
            "maintenance_options": [
              {
                "auto_recovery": "default"
              }
            ],
            "metadata_options": [
              {
                "http_endpoint": "enabled",
                "http_protocol_ipv6": "disabled",
                "http_put_response_hop_limit": 2,
                "http_tokens": "required",
                "instance_metadata_tags": "disabled"
              }
            ],
            "monitoring": false,
            "network_interface": [],
            "outpost_arn": "",
            "password_data": "",
            "placement_group": "",
            "placement_partition_number": 0,
            "primary_network_interface_id": "eni-0630e17af3012d839",
            "private_dns": "ip-172-31-42-159.sa-east-1.compute.internal",
            "private_dns_name_options": [
              {
                "enable_resource_name_dns_a_record": false,
                "enable_resource_name_dns_aaaa_record": false,
                "hostname_type": "ip-name"
              }
            ],
            "private_ip": "172.31.42.159",
            "public_dns": "ec2-18-228-211-206.sa-east-1.compute.amazonaws.com",
            "public_ip": "18.228.211.206",
            "root_block_device": [
              {
                "delete_on_termination": true,
                "device_name": "/dev/xvda",
                "encrypted": false,
                "iops": 3000,
                "kms_key_id": "",
                "tags": {},
                "tags_all": {},
                "throughput": 125,
                "volume_id": "vol-0ffe12e3413ee589d",
                "volume_size": 8,
                "volume_type": "gp3"
              }
            ],
            "secondary_private_ips": [],
            "security_groups": [
              "allow_ssh"
            ],
            "source_dest_check": true,
            "spot_instance_request_id": "",
            "subnet_id": "subnet-0eda01b6bc179b683",
            "tags": {
              "Name": ""
            },
            "tags_all": {
              "Name": ""
            },
            "tenancy": "default",
            "timeouts": null,
            "user_data": null,
            "user_data_base64": null,
            "user_data_replace_on_change": false,
            "volume_tags": null,
            "vpc_security_group_ids": [
              "sg-01fc17e631b6cfcc8"
            ]
          },
          "sensitive_attributes": [],
          "private": "eyJlMmJmYjczMC1lY2FhLTExZTYtOGY4OC0zNDM2M2JjN2M0YzAiOnsiY3JlYXRlIjo2MDAwMDAwMDAwMDAsImRlbGV0ZSI6MTIwMDAwMDAwMDAwMCwicmVhZCI6OTAwMDAwMDAwMDAwLCJ1cGRhdGUiOjYwMDAwMDAwMDAwMH0sInNjaGVtYV92ZXJzaW9uIjoiMSJ9",
          "dependencies": [
            "aws_key_pair.terraform",
            "aws_security_group.allow_ssh",
            "data.aws_ami.amazon-linux-2023",
            "tls_private_key.pk"
          ]
        }
      ]
    },
    {
      "mode": "managed",
      "type": "aws_internet_gateway",
      "name": "new-igw",
      "provider": "provider[\"registry.terraform.io/hashicorp/aws\"]",
      "instances": [
        {
          "schema_version": 0,
          "attributes": {
            "arn": "arn:aws:ec2:sa-east-1:861276094289:internet-gateway/igw-0c3ea4992b1fddef2",
            "id": "igw-0c3ea4992b1fddef2",
            "owner_id": "861276094289",
            "tags": {
              "Name": "IaC-igw"
            },
            "tags_all": {
              "Name": "IaC-igw"
            },
            "timeouts": null,
            "vpc_id": "vpc-06c02d3ba4651ec61"
          },
          "sensitive_attributes": [],
          "private": "eyJlMmJmYjczMC1lY2FhLTExZTYtOGY4OC0zNDM2M2JjN2M0YzAiOnsiY3JlYXRlIjoxMjAwMDAwMDAwMDAwLCJkZWxldGUiOjEyMDAwMDAwMDAwMDAsInVwZGF0ZSI6MTIwMDAwMDAwMDAwMH19",
          "dependencies": [
            "aws_vpc.new-vpc"
          ]
        }
      ]
    },
    {
      "mode": "managed",
      "type": "aws_key_pair",
      "name": "terraform",
      "provider": "provider[\"registry.terraform.io/hashicorp/aws\"]",
      "instances": [
        {
          "schema_version": 1,
          "attributes": {
            "arn": "arn:aws:ec2:sa-east-1:861276094289:key-pair/terraform",
            "fingerprint": "02:e6:52:63:0b:cd:86:0f:e1:31:e9:9e:37:bb:07:14",
            "id": "terraform",
            "key_name": "terraform",
            "key_name_prefix": "",
            "key_pair_id": "key-04a055cc242a13557",
            "key_type": "rsa",
            "public_key": "ssh-rsa AAAAB3NzaC1yc2EAAAADAQABAAACAQC4W5deON5JDs2DqMYUVPDcQInbyNYmVzqb4/Jkcs6nBj4UyEcYiUE0UfjzbZIF19BFrTwatSQUVBx5EQ3XfBEm4WCbynrRSA+NDtEs3SI+lO62DjwKHY6r93qJtF38YhRJkwg1s0/Np05G/wHRxr6rp39b760nehAsXObp/WkqKo05pJL2KF+LXTosqQ3M/+uId1hdli8QXNnbh7jdbONSiCrwnzoPajQWrKfHFHd+I6hiDI7TqTOVhIb/MKYinU3kO4myXV4ManLcNAHGrPwW6V4Fdp2NwYMWLnA+Kdu9RzIkV0Rln4PMbHQO5LZ2jykDNGbQuzQT85l+h9BbkA/kpYWTlNr3FzFTWJ8QwD15B/mSuWZezzAioEHYyMFLyrHFa3Pvf3jga2pIaJWGgD7ZEbuw9RPdliA7pKtF9nzIFlVXF67yhDNGvLEBxg5aMccguUMcWh4svSKBCQb6YyLUybnJ2XNbgz5LjL3JCqQIO0ABO2GSJgHmMgytox6ZSE3unX5oS8mrZtVavA+EePBOhvXLbVngPl2kQAn6Da1pPCwyhuL8Fr1Fm7zpy1Usym3K2P2OgAmeUyZUMpjGRsmh13FiGyIq28V7KpbACaGsyc8yDhdOi1ruXMB5jhHwTvWUuSC9nOd0WwzsmPfRlhxHCrliK4K4bQiYJqFsRfe+YQ==",
            "tags": {},
            "tags_all": {}
          },
          "sensitive_attributes": [],
          "private": "eyJzY2hlbWFfdmVyc2lvbiI6IjEifQ==",
          "dependencies": [
            "tls_private_key.pk"
          ]
        }
      ]
    },
    {
      "mode": "managed",
      "type": "aws_route_table",
      "name": "new-rt",
      "provider": "provider[\"registry.terraform.io/hashicorp/aws\"]",
      "instances": [
        {
          "schema_version": 0,
          "attributes": {
            "arn": "arn:aws:ec2:sa-east-1:861276094289:route-table/rtb-000d96f21b0fa9130",
            "id": "rtb-000d96f21b0fa9130",
            "owner_id": "861276094289",
            "propagating_vgws": [],
            "route": [
              {
                "carrier_gateway_id": "",
                "cidr_block": "0.0.0.0/0",
                "core_network_arn": "",
                "destination_prefix_list_id": "",
                "egress_only_gateway_id": "",
                "gateway_id": "igw-0c3ea4992b1fddef2",
                "ipv6_cidr_block": "",
                "local_gateway_id": "",
                "nat_gateway_id": "",
                "network_interface_id": "",
                "transit_gateway_id": "",
                "vpc_endpoint_id": "",
                "vpc_peering_connection_id": ""
              }
            ],
            "tags": {
              "Name": "IaC-rtb"
            },
            "tags_all": {
              "Name": "IaC-rtb"
            },
            "timeouts": null,
            "vpc_id": "vpc-06c02d3ba4651ec61"
          },
          "sensitive_attributes": [],
          "private": "eyJlMmJmYjczMC1lY2FhLTExZTYtOGY4OC0zNDM2M2JjN2M0YzAiOnsiY3JlYXRlIjozMDAwMDAwMDAwMDAsImRlbGV0ZSI6MzAwMDAwMDAwMDAwLCJ1cGRhdGUiOjEyMDAwMDAwMDAwMH19",
          "dependencies": [
            "aws_internet_gateway.new-igw",
            "aws_vpc.new-vpc"
          ]
        }
      ]
    },
    {
      "mode": "managed",
      "type": "aws_route_table_association",
      "name": "new-rtb-association",
      "provider": "provider[\"registry.terraform.io/hashicorp/aws\"]",
      "instances": [
        {
          "index_key": 0,
          "schema_version": 0,
          "attributes": {
            "gateway_id": "",
            "id": "rtbassoc-09034e5f4ad4f99d6",
            "route_table_id": "rtb-000d96f21b0fa9130",
            "subnet_id": "subnet-0ebca21ace1cbb497",
            "timeouts": null
          },
          "sensitive_attributes": [],
          "private": "eyJlMmJmYjczMC1lY2FhLTExZTYtOGY4OC0zNDM2M2JjN2M0YzAiOnsiY3JlYXRlIjozMDAwMDAwMDAwMDAsImRlbGV0ZSI6MzAwMDAwMDAwMDAwLCJ1cGRhdGUiOjEyMDAwMDAwMDAwMH19",
          "dependencies": [
            "aws_internet_gateway.new-igw",
            "aws_route_table.new-rt",
            "aws_subnet.subnets",
            "aws_vpc.new-vpc",
            "data.aws_availability_zones.available"
          ]
        },
        {
          "index_key": 1,
          "schema_version": 0,
          "attributes": {
            "gateway_id": "",
            "id": "rtbassoc-00bff0ad3fef9954b",
            "route_table_id": "rtb-000d96f21b0fa9130",
            "subnet_id": "subnet-0e317780e4ff2c9df",
            "timeouts": null
          },
          "sensitive_attributes": [],
          "private": "eyJlMmJmYjczMC1lY2FhLTExZTYtOGY4OC0zNDM2M2JjN2M0YzAiOnsiY3JlYXRlIjozMDAwMDAwMDAwMDAsImRlbGV0ZSI6MzAwMDAwMDAwMDAwLCJ1cGRhdGUiOjEyMDAwMDAwMDAwMH19",
          "dependencies": [
            "aws_internet_gateway.new-igw",
            "aws_route_table.new-rt",
            "aws_subnet.subnets",
            "aws_vpc.new-vpc",
            "data.aws_availability_zones.available"
          ]
        },
        {
          "index_key": 2,
          "schema_version": 0,
          "attributes": {
            "gateway_id": "",
            "id": "rtbassoc-07bc48004ecda6c1c",
            "route_table_id": "rtb-000d96f21b0fa9130",
            "subnet_id": "subnet-07aa2ba0c2d1fd017",
            "timeouts": null
          },
          "sensitive_attributes": [],
          "private": "eyJlMmJmYjczMC1lY2FhLTExZTYtOGY4OC0zNDM2M2JjN2M0YzAiOnsiY3JlYXRlIjozMDAwMDAwMDAwMDAsImRlbGV0ZSI6MzAwMDAwMDAwMDAwLCJ1cGRhdGUiOjEyMDAwMDAwMDAwMH19",
          "dependencies": [
            "aws_internet_gateway.new-igw",
            "aws_route_table.new-rt",
            "aws_subnet.subnets",
            "aws_vpc.new-vpc",
            "data.aws_availability_zones.available"
          ]
        }
      ]
    },
    {
      "mode": "managed",
      "type": "aws_security_group",
      "name": "allow_ssh",
      "provider": "provider[\"registry.terraform.io/hashicorp/aws\"]",
      "instances": [
        {
          "schema_version": 1,
          "attributes": {
            "arn": "arn:aws:ec2:sa-east-1:861276094289:security-group/sg-01fc17e631b6cfcc8",
            "description": "Allow SSH inbound traffic",
            "egress": [
              {
                "cidr_blocks": [
                  "0.0.0.0/0"
                ],
                "description": "",
                "from_port": 0,
                "ipv6_cidr_blocks": [],
                "prefix_list_ids": [],
                "protocol": "-1",
                "security_groups": [],
                "self": false,
                "to_port": 0
              }
            ],
            "id": "sg-01fc17e631b6cfcc8",
            "ingress": [
              {
                "cidr_blocks": [
                  "0.0.0.0/0"
                ],
                "description": "Kubernetes API Server",
                "from_port": 6443,
                "ipv6_cidr_blocks": [],
                "prefix_list_ids": [],
                "protocol": "tcp",
                "security_groups": [],
                "self": false,
                "to_port": 6443
              },
              {
                "cidr_blocks": [
                  "0.0.0.0/0"
                ],
                "description": "SSH from anywhere",
                "from_port": 22,
                "ipv6_cidr_blocks": [],
                "prefix_list_ids": [],
                "protocol": "tcp",
                "security_groups": [],
                "self": false,
                "to_port": 22
              },
              {
                "cidr_blocks": [
                  "10.42.0.0/16"
                ],
                "description": "Allow Pod Network",
                "from_port": 0,
                "ipv6_cidr_blocks": [],
                "prefix_list_ids": [],
                "protocol": "-1",
                "security_groups": [],
                "self": false,
                "to_port": 0
              },
              {
                "cidr_blocks": [
                  "10.43.0.0/16"
                ],
                "description": "Allow Service Network",
                "from_port": 0,
                "ipv6_cidr_blocks": [],
                "prefix_list_ids": [],
                "protocol": "-1",
                "security_groups": [],
                "self": false,
                "to_port": 0
              }
            ],
            "name": "allow_ssh",
            "name_prefix": "",
            "owner_id": "861276094289",
            "revoke_rules_on_delete": false,
            "tags": {
              "Name": "allow_ssh"
            },
            "tags_all": {
              "Name": "allow_ssh"
            },
            "timeouts": null,
            "vpc_id": "vpc-0b5be70b30c7ad066"
          },
          "sensitive_attributes": [],
          "private": "eyJlMmJmYjczMC1lY2FhLTExZTYtOGY4OC0zNDM2M2JjN2M0YzAiOnsiY3JlYXRlIjo2MDAwMDAwMDAwMDAsImRlbGV0ZSI6OTAwMDAwMDAwMDAwfSwic2NoZW1hX3ZlcnNpb24iOiIxIn0="
        }
      ]
    },
    {
      "mode": "managed",
      "type": "aws_subnet",
      "name": "subnets",
      "provider": "provider[\"registry.terraform.io/hashicorp/aws\"]",
      "instances": [
        {
          "index_key": 0,
          "schema_version": 1,
          "attributes": {
            "arn": "arn:aws:ec2:sa-east-1:861276094289:subnet/subnet-0ebca21ace1cbb497",
            "assign_ipv6_address_on_creation": false,
            "availability_zone": "sa-east-1a",
            "availability_zone_id": "sae1-az1",
            "cidr_block": "10.0.0.0/24",
            "customer_owned_ipv4_pool": "",
            "enable_dns64": false,
            "enable_lni_at_device_index": 0,
            "enable_resource_name_dns_a_record_on_launch": false,
            "enable_resource_name_dns_aaaa_record_on_launch": false,
            "id": "subnet-0ebca21ace1cbb497",
            "ipv6_cidr_block": "",
            "ipv6_cidr_block_association_id": "",
            "ipv6_native": false,
            "map_customer_owned_ip_on_launch": false,
            "map_public_ip_on_launch": true,
            "outpost_arn": "",
            "owner_id": "861276094289",
            "private_dns_hostname_type_on_launch": "ip-name",
            "tags": {
              "Name": "IaC-subnet-0"
            },
            "tags_all": {
              "Name": "IaC-subnet-0"
            },
            "timeouts": null,
            "vpc_id": "vpc-06c02d3ba4651ec61"
          },
          "sensitive_attributes": [],
          "private": "eyJlMmJmYjczMC1lY2FhLTExZTYtOGY4OC0zNDM2M2JjN2M0YzAiOnsiY3JlYXRlIjo2MDAwMDAwMDAwMDAsImRlbGV0ZSI6MTIwMDAwMDAwMDAwMH0sInNjaGVtYV92ZXJzaW9uIjoiMSJ9",
          "dependencies": [
            "aws_vpc.new-vpc",
            "data.aws_availability_zones.available"
          ]
        },
        {
          "index_key": 1,
          "schema_version": 1,
          "attributes": {
            "arn": "arn:aws:ec2:sa-east-1:861276094289:subnet/subnet-0e317780e4ff2c9df",
            "assign_ipv6_address_on_creation": false,
            "availability_zone": "sa-east-1b",
            "availability_zone_id": "sae1-az2",
            "cidr_block": "10.0.1.0/24",
            "customer_owned_ipv4_pool": "",
            "enable_dns64": false,
            "enable_lni_at_device_index": 0,
            "enable_resource_name_dns_a_record_on_launch": false,
            "enable_resource_name_dns_aaaa_record_on_launch": false,
            "id": "subnet-0e317780e4ff2c9df",
            "ipv6_cidr_block": "",
            "ipv6_cidr_block_association_id": "",
            "ipv6_native": false,
            "map_customer_owned_ip_on_launch": false,
            "map_public_ip_on_launch": true,
            "outpost_arn": "",
            "owner_id": "861276094289",
            "private_dns_hostname_type_on_launch": "ip-name",
            "tags": {
              "Name": "IaC-subnet-1"
            },
            "tags_all": {
              "Name": "IaC-subnet-1"
            },
            "timeouts": null,
            "vpc_id": "vpc-06c02d3ba4651ec61"
          },
          "sensitive_attributes": [],
          "private": "eyJlMmJmYjczMC1lY2FhLTExZTYtOGY4OC0zNDM2M2JjN2M0YzAiOnsiY3JlYXRlIjo2MDAwMDAwMDAwMDAsImRlbGV0ZSI6MTIwMDAwMDAwMDAwMH0sInNjaGVtYV92ZXJzaW9uIjoiMSJ9",
          "dependencies": [
            "aws_vpc.new-vpc",
            "data.aws_availability_zones.available"
          ]
        },
        {
          "index_key": 2,
          "schema_version": 1,
          "attributes": {
            "arn": "arn:aws:ec2:sa-east-1:861276094289:subnet/subnet-07aa2ba0c2d1fd017",
            "assign_ipv6_address_on_creation": false,
            "availability_zone": "sa-east-1c",
            "availability_zone_id": "sae1-az3",
            "cidr_block": "10.0.2.0/24",
            "customer_owned_ipv4_pool": "",
            "enable_dns64": false,
            "enable_lni_at_device_index": 0,
            "enable_resource_name_dns_a_record_on_launch": false,
            "enable_resource_name_dns_aaaa_record_on_launch": false,
            "id": "subnet-07aa2ba0c2d1fd017",
            "ipv6_cidr_block": "",
            "ipv6_cidr_block_association_id": "",
            "ipv6_native": false,
            "map_customer_owned_ip_on_launch": false,
            "map_public_ip_on_launch": true,
            "outpost_arn": "",
            "owner_id": "861276094289",
            "private_dns_hostname_type_on_launch": "ip-name",
            "tags": {
              "Name": "IaC-subnet-2"
            },
            "tags_all": {
              "Name": "IaC-subnet-2"
            },
            "timeouts": null,
            "vpc_id": "vpc-06c02d3ba4651ec61"
          },
          "sensitive_attributes": [],
          "private": "eyJlMmJmYjczMC1lY2FhLTExZTYtOGY4OC0zNDM2M2JjN2M0YzAiOnsiY3JlYXRlIjo2MDAwMDAwMDAwMDAsImRlbGV0ZSI6MTIwMDAwMDAwMDAwMH0sInNjaGVtYV92ZXJzaW9uIjoiMSJ9",
          "dependencies": [
            "aws_vpc.new-vpc",
            "data.aws_availability_zones.available"
          ]
        }
      ]
    },
    {
      "mode": "managed",
      "type": "aws_vpc",
      "name": "new-vpc",
      "provider": "provider[\"registry.terraform.io/hashicorp/aws\"]",
      "instances": [
        {
          "schema_version": 1,
          "attributes": {
            "arn": "arn:aws:ec2:sa-east-1:861276094289:vpc/vpc-06c02d3ba4651ec61",
            "assign_generated_ipv6_cidr_block": false,
            "cidr_block": "10.0.0.0/16",
            "default_network_acl_id": "acl-06d45e86658f628b8",
            "default_route_table_id": "rtb-04eaddc99dbaac0e8",
            "default_security_group_id": "sg-09516a494288bb9c6",
            "dhcp_options_id": "dopt-0137126105e5ec056",
            "enable_dns_hostnames": true,
            "enable_dns_support": true,
            "enable_network_address_usage_metrics": false,
            "id": "vpc-06c02d3ba4651ec61",
            "instance_tenancy": "default",
            "ipv4_ipam_pool_id": null,
            "ipv4_netmask_length": null,
            "ipv6_association_id": "",
            "ipv6_cidr_block": "",
            "ipv6_cidr_block_network_border_group": "",
            "ipv6_ipam_pool_id": "",
            "ipv6_netmask_length": 0,
            "main_route_table_id": "rtb-04eaddc99dbaac0e8",
            "owner_id": "861276094289",
            "tags": {
              "Name": "IaC-vpc"
            },
            "tags_all": {
              "Name": "IaC-vpc"
            }
          },
          "sensitive_attributes": [],
          "private": "eyJzY2hlbWFfdmVyc2lvbiI6IjEifQ=="
        }
      ]
    },
    {
      "mode": "managed",
      "type": "tls_private_key",
      "name": "pk",
      "provider": "provider[\"registry.terraform.io/hashicorp/tls\"]",
      "instances": [
        {
          "schema_version": 1,
          "attributes": {
            "algorithm": "RSA",
            "ecdsa_curve": "P224",
            "id": "91f5759eb750bacfa261cdbce970dd8c541ab846",
            "private_key_openssh": "-----BEGIN OPENSSH PRIVATE KEY-----\nb3BlbnNzaC1rZXktdjEAAAAABG5vbmUAAAAEbm9uZQAAAAAAAAABAAACFwAAAAdz\nc2gtcnNhAAAAAwEAAQAAAgEAuFuXXjjeSQ7Ng6jGFFTw3ECJ28jWJlc6m+PyZHLO\npwY+FMhHGIlBNFH4822SBdfQRa08GrUkFFQceREN13wRJuFgm8p60UgPjQ7RLN0i\nPpTutg48Ch2Oq/d6ibRd/GIUSZMINbNPzadORv8B0ca+q6d/W++tJ3oQLFzm6f1p\nKiqNOaSS9ihfi106LKkNzP/riHdYXZYvEFzZ24e43WzjUogq8J86D2o0FqynxxR3\nfiOoYgyO06kzlYSG/zCmIp1N5DuJsl1eDGpy3DQBxqz8FuleBXadjcGDFi5wPinb\nvUcyJFdEZZ+DzGx0DuS2do8pAzRm0Ls0E/OZfofQW5AP5KWFk5Ta9xcxU1ifEMA9\neQf5krlmXs8wIqBB2MjBS8qxxWtz73944GtqSGiVhoA+2RG7sPUT3ZYgO6SrRfZ8\nyBZVVxeu8oQzRryxAcYOWjHHILlDHFoeLL0igQkG+mMi1Mm5ydlzW4M+S4y9yQqk\nCDtAATthkiYB5jIMraMemUhN7p1+aEvJq2bVWrwPhHjwTob1y21Z4D5dpEAJ+g2t\naTwsMobi/Ba9RZu86ctVLMptytj9joAJnlMmVDKYxkbJoddxYhsiKtvFeyqWwAmh\nrMnPMg4XTota7lzAeY4R8E71lLkgvZzndFsM7Jj30ZYcRwq5YiuCuG0ImCahbEX3\nvmEAAAc4ruhfaK7oX2gAAAAHc3NoLXJzYQAAAgEAuFuXXjjeSQ7Ng6jGFFTw3ECJ\n28jWJlc6m+PyZHLOpwY+FMhHGIlBNFH4822SBdfQRa08GrUkFFQceREN13wRJuFg\nm8p60UgPjQ7RLN0iPpTutg48Ch2Oq/d6ibRd/GIUSZMINbNPzadORv8B0ca+q6d/\nW++tJ3oQLFzm6f1pKiqNOaSS9ihfi106LKkNzP/riHdYXZYvEFzZ24e43WzjUogq\n8J86D2o0FqynxxR3fiOoYgyO06kzlYSG/zCmIp1N5DuJsl1eDGpy3DQBxqz8Fule\nBXadjcGDFi5wPinbvUcyJFdEZZ+DzGx0DuS2do8pAzRm0Ls0E/OZfofQW5AP5KWF\nk5Ta9xcxU1ifEMA9eQf5krlmXs8wIqBB2MjBS8qxxWtz73944GtqSGiVhoA+2RG7\nsPUT3ZYgO6SrRfZ8yBZVVxeu8oQzRryxAcYOWjHHILlDHFoeLL0igQkG+mMi1Mm5\nydlzW4M+S4y9yQqkCDtAATthkiYB5jIMraMemUhN7p1+aEvJq2bVWrwPhHjwTob1\ny21Z4D5dpEAJ+g2taTwsMobi/Ba9RZu86ctVLMptytj9joAJnlMmVDKYxkbJoddx\nYhsiKtvFeyqWwAmhrMnPMg4XTota7lzAeY4R8E71lLkgvZzndFsM7Jj30ZYcRwq5\nYiuCuG0ImCahbEX3vmEAAAADAQABAAACAGUxeSux4WmOo4YiLN/aI/9xuXoXilyv\nQq9w9ormbcJGbeswZ73zEQRr/k94FE/6vwqP5U7voOc7qAlYMBXYtv11dnbtNG8N\ns+OEf5K1qudZDpKFy7TttnN0OyG9DF3NZD9iYn4/d411yUS1EsWX5u8H2KOZMp1Z\npekD8Yf8ni4T/0Llr/lH/fHccWM0RCwDScC1aZ6tIhZEMR0MKY/5Beo2bgN4EwGF\nFSRhDxL6jACECBgRtpA97t+iSAtpI7gaSjf96j4qe8Yq4/M05MiuCQ12eTJcgmze\nDFsvkFK+3SvPGZnTAOsbHNgnq6jFJ9Z6DFQC/nCSYSqWaumGGPs5X07+YSM+pJU4\nrvtBXVuAr3XcJlDkfx+n3DP5Q/VT6Z2bdY8JvKXHsRBubiAaFGfSR7EmtDoW/AX1\nhZoGksJIPBgFvtFBpQZWNKASuZKCfT7zil8rEnrj4YZ8/f5+pZ2LqcS2MT/SC7t2\nLYliQq8+Tw3Ul7QMhU/KoyyA1N+CSZIxKu9IjBLKZUtYuahyExYiEQjRzOh+V59S\nhom8EBTP/qqTgVQf1KWMwFZ5oHBSfXaQEsBJIpYZEhWKMhzNdlQINGWEgmtrnOSd\nd59iur9I9Szpi5ncCYBw1S+NkUBNQTSBK0IMIxAiZ5/N08AyrOYO6z3jLHpzz6OL\n6FeoEANahUkBAAABAFN1jVUeAZjJY5eiK3eDZA/+rEfXWpO8NSBr74M6iKUGAgHi\nd0UMqQ3x8hqzUAO8Z2jAKI0ZXu+y3OLlIM2+gvbUlSyCliM1aozzoM+3UE0cb8xZ\njRaws5UgrL98Va6Q96k7POGH/U1YueNr8rkyxv9OlEg1MBOoNl3j2RJtRO6IkpXm\nYCVq2uw8MkvE+UxYLXhfatukX1kglooaQVv3ezA8d8vLk8/fiaJfA72z7LY9iom8\n/qFQR0LkpoFqlFYrUGb4iNhVsc9sST0nRtFcZQOaTwk151kREujvndOFdGx0IjWq\ntUBSspxOE/WcRUfx3VsqDoNd/gXGoZrRh0JjIe0AAAEBANJG5qG1eLNlya79fiSU\ntplIfUCcK1zc/PtDArrBbNrFQU5HE7XOMd6LIutjsRW/NrOOVklD+zjAlgjc07QC\n68ZC+pE+OuHnVXm/wBoXzGiUr+x1MeJZz0mEXQI5JdQGE9G4hJgUsBgm7fCx+rnA\nidaFzIf4+yDiM/sXp0VHK/dpmqy13RQg0PAtIdbU5vmiwuTQzm6H8J+7xv3ci483\nmexycKyhBjn/88fTFNZ9w1Pg5JBbfxUynVFJU2IqqCPcgIehsBfhIQ/f5MKfl/OR\nI9Ezzqe1MRdMc1V3hI//tjHFRhnH5HWMguyD5ttSxrCbg3F7UrWvtTDs5fyfTSEk\nfJEAAAEBAOBx5TT16gKN8gBj+UFhVb7iv8/+pBfMJjI+QsYJ0rQYQA6o7/BqubZk\nZe1RXDfPwywA5jHZfBcjLK9HUChexghGZ2yc2onb6c7eWLFory9YH9GcR2f1XcSo\nCxmnm0M0v26QtaaDDzv5KNI5IILQxscCQzA1B26KPhwapaj2UOxXu2ytnrEZ5mXM\nWBiI5twSXamMKuULIE1e3G+TGRw8Tgo4TfeZtBipK95wcmwtv5NOQ995ZSp2klvW\nymBaLlgKWFneB0R9AcfhpzZw7uLjDgPeYTB1mLNjdJGHz3a9v9YnbJu8/S5UweXW\nq3kFJR1i5c/AdwCk6OSXROGLOWSDTNEAAAAAAQID\n-----END OPENSSH PRIVATE KEY-----\n",
            "private_key_pem": "-----BEGIN RSA PRIVATE KEY-----\nMIIJJwIBAAKCAgEAuFuXXjjeSQ7Ng6jGFFTw3ECJ28jWJlc6m+PyZHLOpwY+FMhH\nGIlBNFH4822SBdfQRa08GrUkFFQceREN13wRJuFgm8p60UgPjQ7RLN0iPpTutg48\nCh2Oq/d6ibRd/GIUSZMINbNPzadORv8B0ca+q6d/W++tJ3oQLFzm6f1pKiqNOaSS\n9ihfi106LKkNzP/riHdYXZYvEFzZ24e43WzjUogq8J86D2o0FqynxxR3fiOoYgyO\n06kzlYSG/zCmIp1N5DuJsl1eDGpy3DQBxqz8FuleBXadjcGDFi5wPinbvUcyJFdE\nZZ+DzGx0DuS2do8pAzRm0Ls0E/OZfofQW5AP5KWFk5Ta9xcxU1ifEMA9eQf5krlm\nXs8wIqBB2MjBS8qxxWtz73944GtqSGiVhoA+2RG7sPUT3ZYgO6SrRfZ8yBZVVxeu\n8oQzRryxAcYOWjHHILlDHFoeLL0igQkG+mMi1Mm5ydlzW4M+S4y9yQqkCDtAATth\nkiYB5jIMraMemUhN7p1+aEvJq2bVWrwPhHjwTob1y21Z4D5dpEAJ+g2taTwsMobi\n/Ba9RZu86ctVLMptytj9joAJnlMmVDKYxkbJoddxYhsiKtvFeyqWwAmhrMnPMg4X\nTota7lzAeY4R8E71lLkgvZzndFsM7Jj30ZYcRwq5YiuCuG0ImCahbEX3vmECAwEA\nAQKCAgBlMXkrseFpjqOGIizf2iP/cbl6F4pcr0KvcPaK5m3CRm3rMGe98xEEa/5P\neBRP+r8Kj+VO76DnO6gJWDAV2Lb9dXZ27TRvDbPjhH+StarnWQ6Shcu07bZzdDsh\nvQxdzWQ/YmJ+P3eNdclEtRLFl+bvB9ijmTKdWaXpA/GH/J4uE/9C5a/5R/3x3HFj\nNEQsA0nAtWmerSIWRDEdDCmP+QXqNm4DeBMBhRUkYQ8S+owAhAgYEbaQPe7fokgL\naSO4Gko3/eo+KnvGKuPzNOTIrgkNdnkyXIJs3gxbL5BSvt0rzxmZ0wDrGxzYJ6uo\nxSfWegxUAv5wkmEqlmrphhj7OV9O/mEjPqSVOK77QV1bgK913CZQ5H8fp9wz+UP1\nU+mdm3WPCbylx7EQbm4gGhRn0kexJrQ6FvwF9YWaBpLCSDwYBb7RQaUGVjSgErmS\ngn0+84pfKxJ64+GGfP3+fqWdi6nEtjE/0gu7di2JYkKvPk8N1Je0DIVPyqMsgNTf\ngkmSMSrvSIwSymVLWLmochMWIhEI0czoflefUoaJvBAUz/6qk4FUH9SljMBWeaBw\nUn12kBLASSKWGRIVijIczXZUCDRlhIJra5zknXefYrq/SPUs6YuZ3AmAcNUvjZFA\nTUE0gStCDCMQImefzdPAMqzmDus94yx6c8+ji+hXqBADWoVJAQKCAQEA0kbmobV4\ns2XJrv1+JJS2mUh9QJwrXNz8+0MCusFs2sVBTkcTtc4x3osi62OxFb82s45WSUP7\nOMCWCNzTtALrxkL6kT464edVeb/AGhfMaJSv7HUx4lnPSYRdAjkl1AYT0biEmBSw\nGCbt8LH6ucCJ1oXMh/j7IOIz+xenRUcr92marLXdFCDQ8C0h1tTm+aLC5NDObofw\nn7vG/dyLjzeZ7HJwrKEGOf/zx9MU1n3DU+DkkFt/FTKdUUlTYiqoI9yAh6GwF+Eh\nD9/kwp+X85Ej0TPOp7UxF0xzVXeEj/+2McVGGcfkdYyC7IPm21LGsJuDcXtSta+1\nMOzl/J9NISR8kQKCAQEA4HHlNPXqAo3yAGP5QWFVvuK/z/6kF8wmMj5CxgnStBhA\nDqjv8Gq5tmRl7VFcN8/DLADmMdl8FyMsr0dQKF7GCEZnbJzaidvpzt5YsWivL1gf\n0ZxHZ/VdxKgLGaebQzS/bpC1poMPO/ko0jkggtDGxwJDMDUHboo+HBqlqPZQ7Fe7\nbK2esRnmZcxYGIjm3BJdqYwq5QsgTV7cb5MZHDxOCjhN95m0GKkr3nBybC2/k05D\n33llKnaSW9bKYFouWApYWd4HRH0Bx+GnNnDu4uMOA95hMHWYs2N0kYfPdr2/1ids\nm7z9LlTB5dareQUlHWLlz8B3AKTo5JdE4Ys5ZINM0QKCAQAtCOpUL92N7nrnc3sU\nspT490F8GPZgiSPVXGC1Rr/diumVrjtWcLbVhs8PwuYmVjGM+ysXveuMGBMKCuF8\naDO+3pFzkfRidX0k+iBWdkpdC5sx9VedtsZiZGrXEw46/qI4BGDBgYzFX3EOX8/n\nAImE3FsVtAl03X1shYBZogiUkJWD799NdEnLZp8ct7RQOr+q6d2MZqjuTPUtYZKy\nNaJNtaTUFBiVS3AWl+qalYzD5iKNmEr7az+uLRoiqCgiphMQ+VwRgTHniHgiBrQw\ngiE9qO7VlETTTJhW8aX+gTGwLyP4WYtgcZuItCc5Sd0r7eKU52iraNpRhCstk6Cd\nPIdBAoIBAH9K+VTlF7glKxhfmvEitA/T6Ded0xEQHqWmPBa3YYH0svfdhl+TGArC\nvDAxUZzxv16IkAW7tC4nK+OpDWQoBCaTT3sBJszDJcLGxgSwO5MdZsZp3PGv7mNn\nbww4y8z88IlTl0J92DkKYcWA0th+cg5SUSrZGILv8rPbxRKjyFeSlmDXw0XsS4h2\nsYwQsOYloGtVbMqEWeinoVvCUJ578ULIlieUS9kksRWyLqL9+0YfQE1ROzgvEWj2\n08Z7vwb9rwgg7XxBba4gY8ZznHifj8ZP7E0glN9Ay87x+I7+pPtfVrCpKeqJ9YJW\nEuBLM7aL7Yy7OoLqBJAI3u8QGBfSg9ECggEAU3WNVR4BmMljl6Ird4NkD/6sR9da\nk7w1IGvvgzqIpQYCAeJ3RQypDfHyGrNQA7xnaMAojRle77Lc4uUgzb6C9tSVLIKW\nIzVqjPOgz7dQTRxvzFmNFrCzlSCsv3xVrpD3qTs84Yf9TVi542vyuTLG/06USDUw\nE6g2XePZEm1E7oiSleZgJWra7DwyS8T5TFgteF9q26RfWSCWihpBW/d7MDx3y8uT\nz9+Jol8DvbPstj2Kibz+oVBHQuSmgWqUVitQZviI2FWxz2xJPSdG0VxlA5pPCTXn\nWRES6O+d04V0bHQiNaq1QFKynE4T9ZxFR/HdWyoOg13+BcahmtGHQmMh7Q==\n-----END RSA PRIVATE KEY-----\n",
            "private_key_pem_pkcs8": "-----BEGIN PRIVATE KEY-----\nMIIJQQIBADANBgkqhkiG9w0BAQEFAASCCSswggknAgEAAoICAQC4W5deON5JDs2D\nqMYUVPDcQInbyNYmVzqb4/Jkcs6nBj4UyEcYiUE0UfjzbZIF19BFrTwatSQUVBx5\nEQ3XfBEm4WCbynrRSA+NDtEs3SI+lO62DjwKHY6r93qJtF38YhRJkwg1s0/Np05G\n/wHRxr6rp39b760nehAsXObp/WkqKo05pJL2KF+LXTosqQ3M/+uId1hdli8QXNnb\nh7jdbONSiCrwnzoPajQWrKfHFHd+I6hiDI7TqTOVhIb/MKYinU3kO4myXV4ManLc\nNAHGrPwW6V4Fdp2NwYMWLnA+Kdu9RzIkV0Rln4PMbHQO5LZ2jykDNGbQuzQT85l+\nh9BbkA/kpYWTlNr3FzFTWJ8QwD15B/mSuWZezzAioEHYyMFLyrHFa3Pvf3jga2pI\naJWGgD7ZEbuw9RPdliA7pKtF9nzIFlVXF67yhDNGvLEBxg5aMccguUMcWh4svSKB\nCQb6YyLUybnJ2XNbgz5LjL3JCqQIO0ABO2GSJgHmMgytox6ZSE3unX5oS8mrZtVa\nvA+EePBOhvXLbVngPl2kQAn6Da1pPCwyhuL8Fr1Fm7zpy1Usym3K2P2OgAmeUyZU\nMpjGRsmh13FiGyIq28V7KpbACaGsyc8yDhdOi1ruXMB5jhHwTvWUuSC9nOd0Wwzs\nmPfRlhxHCrliK4K4bQiYJqFsRfe+YQIDAQABAoICAGUxeSux4WmOo4YiLN/aI/9x\nuXoXilyvQq9w9ormbcJGbeswZ73zEQRr/k94FE/6vwqP5U7voOc7qAlYMBXYtv11\ndnbtNG8Ns+OEf5K1qudZDpKFy7TttnN0OyG9DF3NZD9iYn4/d411yUS1EsWX5u8H\n2KOZMp1ZpekD8Yf8ni4T/0Llr/lH/fHccWM0RCwDScC1aZ6tIhZEMR0MKY/5Beo2\nbgN4EwGFFSRhDxL6jACECBgRtpA97t+iSAtpI7gaSjf96j4qe8Yq4/M05MiuCQ12\neTJcgmzeDFsvkFK+3SvPGZnTAOsbHNgnq6jFJ9Z6DFQC/nCSYSqWaumGGPs5X07+\nYSM+pJU4rvtBXVuAr3XcJlDkfx+n3DP5Q/VT6Z2bdY8JvKXHsRBubiAaFGfSR7Em\ntDoW/AX1hZoGksJIPBgFvtFBpQZWNKASuZKCfT7zil8rEnrj4YZ8/f5+pZ2LqcS2\nMT/SC7t2LYliQq8+Tw3Ul7QMhU/KoyyA1N+CSZIxKu9IjBLKZUtYuahyExYiEQjR\nzOh+V59Shom8EBTP/qqTgVQf1KWMwFZ5oHBSfXaQEsBJIpYZEhWKMhzNdlQINGWE\ngmtrnOSdd59iur9I9Szpi5ncCYBw1S+NkUBNQTSBK0IMIxAiZ5/N08AyrOYO6z3j\nLHpzz6OL6FeoEANahUkBAoIBAQDSRuahtXizZcmu/X4klLaZSH1AnCtc3Pz7QwK6\nwWzaxUFORxO1zjHeiyLrY7EVvzazjlZJQ/s4wJYI3NO0AuvGQvqRPjrh51V5v8Aa\nF8xolK/sdTHiWc9JhF0COSXUBhPRuISYFLAYJu3wsfq5wInWhcyH+Psg4jP7F6dF\nRyv3aZqstd0UINDwLSHW1Ob5osLk0M5uh/Cfu8b93IuPN5nscnCsoQY5//PH0xTW\nfcNT4OSQW38VMp1RSVNiKqgj3ICHobAX4SEP3+TCn5fzkSPRM86ntTEXTHNVd4SP\n/7YxxUYZx+R1jILsg+bbUsawm4Nxe1K1r7Uw7OX8n00hJHyRAoIBAQDgceU09eoC\njfIAY/lBYVW+4r/P/qQXzCYyPkLGCdK0GEAOqO/warm2ZGXtUVw3z8MsAOYx2XwX\nIyyvR1AoXsYIRmdsnNqJ2+nO3lixaK8vWB/RnEdn9V3EqAsZp5tDNL9ukLWmgw87\n+SjSOSCC0MbHAkMwNQduij4cGqWo9lDsV7tsrZ6xGeZlzFgYiObcEl2pjCrlCyBN\nXtxvkxkcPE4KOE33mbQYqSvecHJsLb+TTkPfeWUqdpJb1spgWi5YClhZ3gdEfQHH\n4ac2cO7i4w4D3mEwdZizY3SRh892vb/WJ2ybvP0uVMHl1qt5BSUdYuXPwHcApOjk\nl0Thizlkg0zRAoIBAC0I6lQv3Y3ueudzexSylPj3QXwY9mCJI9VcYLVGv92K6ZWu\nO1ZwttWGzw/C5iZWMYz7Kxe964wYEwoK4XxoM77ekXOR9GJ1fST6IFZ2Sl0LmzH1\nV522xmJkatcTDjr+ojgEYMGBjMVfcQ5fz+cAiYTcWxW0CXTdfWyFgFmiCJSQlYPv\n3010Sctmnxy3tFA6v6rp3YxmqO5M9S1hkrI1ok21pNQUGJVLcBaX6pqVjMPmIo2Y\nSvtrP64tGiKoKCKmExD5XBGBMeeIeCIGtDCCIT2o7tWURNNMmFbxpf6BMbAvI/hZ\ni2Bxm4i0JzlJ3Svt4pTnaKto2lGEKy2ToJ08h0ECggEAf0r5VOUXuCUrGF+a8SK0\nD9PoN53TERAepaY8FrdhgfSy992GX5MYCsK8MDFRnPG/XoiQBbu0Licr46kNZCgE\nJpNPewEmzMMlwsbGBLA7kx1mxmnc8a/uY2dvDDjLzPzwiVOXQn3YOQphxYDS2H5y\nDlJRKtkYgu/ys9vFEqPIV5KWYNfDRexLiHaxjBCw5iWga1VsyoRZ6KehW8JQnnvx\nQsiWJ5RL2SSxFbIuov37Rh9ATVE7OC8RaPbTxnu/Bv2vCCDtfEFtriBjxnOceJ+P\nxk/sTSCU30DLzvH4jv6k+19WsKkp6on1glYS4EsztovtjLs6guoEkAje7xAYF9KD\n0QKCAQBTdY1VHgGYyWOXoit3g2QP/qxH11qTvDUga++DOoilBgIB4ndFDKkN8fIa\ns1ADvGdowCiNGV7vstzi5SDNvoL21JUsgpYjNWqM86DPt1BNHG/MWY0WsLOVIKy/\nfFWukPepOzzhh/1NWLnja/K5Msb/TpRINTATqDZd49kSbUTuiJKV5mAlatrsPDJL\nxPlMWC14X2rbpF9ZIJaKGkFb93swPHfLy5PP34miXwO9s+y2PYqJvP6hUEdC5KaB\napRWK1Bm+IjYVbHPbEk9J0bRXGUDmk8JNedZERLo753ThXRsdCI1qrVAUrKcThP1\nnEVH8d1bKg6DXf4FxqGa0YdCYyHt\n-----END PRIVATE KEY-----\n",
            "public_key_fingerprint_md5": "e8:28:d8:9b:fb:46:25:fa:db:60:41:c6:ba:c1:64:4a",
            "public_key_fingerprint_sha256": "SHA256:1f6ZBCzGLlMtLvP+n0xxnjrKxnX3dWZT5LeDC7D1OLA",
            "public_key_openssh": "ssh-rsa AAAAB3NzaC1yc2EAAAADAQABAAACAQC4W5deON5JDs2DqMYUVPDcQInbyNYmVzqb4/Jkcs6nBj4UyEcYiUE0UfjzbZIF19BFrTwatSQUVBx5EQ3XfBEm4WCbynrRSA+NDtEs3SI+lO62DjwKHY6r93qJtF38YhRJkwg1s0/Np05G/wHRxr6rp39b760nehAsXObp/WkqKo05pJL2KF+LXTosqQ3M/+uId1hdli8QXNnbh7jdbONSiCrwnzoPajQWrKfHFHd+I6hiDI7TqTOVhIb/MKYinU3kO4myXV4ManLcNAHGrPwW6V4Fdp2NwYMWLnA+Kdu9RzIkV0Rln4PMbHQO5LZ2jykDNGbQuzQT85l+h9BbkA/kpYWTlNr3FzFTWJ8QwD15B/mSuWZezzAioEHYyMFLyrHFa3Pvf3jga2pIaJWGgD7ZEbuw9RPdliA7pKtF9nzIFlVXF67yhDNGvLEBxg5aMccguUMcWh4svSKBCQb6YyLUybnJ2XNbgz5LjL3JCqQIO0ABO2GSJgHmMgytox6ZSE3unX5oS8mrZtVavA+EePBOhvXLbVngPl2kQAn6Da1pPCwyhuL8Fr1Fm7zpy1Usym3K2P2OgAmeUyZUMpjGRsmh13FiGyIq28V7KpbACaGsyc8yDhdOi1ruXMB5jhHwTvWUuSC9nOd0WwzsmPfRlhxHCrliK4K4bQiYJqFsRfe+YQ==\n",
            "public_key_pem": "-----BEGIN PUBLIC KEY-----\nMIICIjANBgkqhkiG9w0BAQEFAAOCAg8AMIICCgKCAgEAuFuXXjjeSQ7Ng6jGFFTw\n3ECJ28jWJlc6m+PyZHLOpwY+FMhHGIlBNFH4822SBdfQRa08GrUkFFQceREN13wR\nJuFgm8p60UgPjQ7RLN0iPpTutg48Ch2Oq/d6ibRd/GIUSZMINbNPzadORv8B0ca+\nq6d/W++tJ3oQLFzm6f1pKiqNOaSS9ihfi106LKkNzP/riHdYXZYvEFzZ24e43Wzj\nUogq8J86D2o0FqynxxR3fiOoYgyO06kzlYSG/zCmIp1N5DuJsl1eDGpy3DQBxqz8\nFuleBXadjcGDFi5wPinbvUcyJFdEZZ+DzGx0DuS2do8pAzRm0Ls0E/OZfofQW5AP\n5KWFk5Ta9xcxU1ifEMA9eQf5krlmXs8wIqBB2MjBS8qxxWtz73944GtqSGiVhoA+\n2RG7sPUT3ZYgO6SrRfZ8yBZVVxeu8oQzRryxAcYOWjHHILlDHFoeLL0igQkG+mMi\n1Mm5ydlzW4M+S4y9yQqkCDtAATthkiYB5jIMraMemUhN7p1+aEvJq2bVWrwPhHjw\nTob1y21Z4D5dpEAJ+g2taTwsMobi/Ba9RZu86ctVLMptytj9joAJnlMmVDKYxkbJ\noddxYhsiKtvFeyqWwAmhrMnPMg4XTota7lzAeY4R8E71lLkgvZzndFsM7Jj30ZYc\nRwq5YiuCuG0ImCahbEX3vmECAwEAAQ==\n-----END PUBLIC KEY-----\n",
            "rsa_bits": 4096
          },
          "sensitive_attributes": []
        }
      ]
    }
  ],
  "check_results": null
}
